// !$*UTF8*$!
{
	archiveVersion = 1;
	classes = {
	};
	objectVersion = 56;
	objects = {

/* Begin PBXBuildFile section */
		31CB2C532AC89E0600DF43A3 /* Event.swift in Sources */ = {isa = PBXBuildFile; fileRef = 31CB2C522AC89E0600DF43A3 /* Event.swift */; };
		6D39AAB72AC73BFE00515C20 /* ForgotPasswordView.swift in Sources */ = {isa = PBXBuildFile; fileRef = 6D39AAB62AC73BFE00515C20 /* ForgotPasswordView.swift */; };
		BA2570CE2AC7B846004E528A /* User.swift in Sources */ = {isa = PBXBuildFile; fileRef = BA2570CD2AC7B846004E528A /* User.swift */; };
		BA2570D12AC89B4D004E528A /* UserAuthentication.swift in Sources */ = {isa = PBXBuildFile; fileRef = BA2570D02AC89B4D004E528A /* UserAuthentication.swift */; };
		BA2570D32AC8A58D004E528A /* SignUpView.swift in Sources */ = {isa = PBXBuildFile; fileRef = BA2570D22AC8A58D004E528A /* SignUpView.swift */; };
		BA8B749B2AC6301400BBE70B /* _07_SportifyApp.swift in Sources */ = {isa = PBXBuildFile; fileRef = BA8B749A2AC6301400BBE70B /* _07_SportifyApp.swift */; };
		BA8B749D2AC6301400BBE70B /* ContentView.swift in Sources */ = {isa = PBXBuildFile; fileRef = BA8B749C2AC6301400BBE70B /* ContentView.swift */; };
		BA8B749F2AC6301600BBE70B /* Assets.xcassets in Resources */ = {isa = PBXBuildFile; fileRef = BA8B749E2AC6301600BBE70B /* Assets.xcassets */; };
		BA8B74A22AC6301600BBE70B /* Preview Assets.xcassets in Resources */ = {isa = PBXBuildFile; fileRef = BA8B74A12AC6301600BBE70B /* Preview Assets.xcassets */; };
		BA8B74A92AC64EEE00BBE70B /* GoogleService-Info.plist in Resources */ = {isa = PBXBuildFile; fileRef = BA8B74A82AC64EEE00BBE70B /* GoogleService-Info.plist */; };
		BA8B74AC2AC64FBC00BBE70B /* FirebaseAnalytics in Frameworks */ = {isa = PBXBuildFile; productRef = BA8B74AB2AC64FBC00BBE70B /* FirebaseAnalytics */; };
		BA8B74AE2AC64FBC00BBE70B /* FirebaseAnalyticsOnDeviceConversion in Frameworks */ = {isa = PBXBuildFile; productRef = BA8B74AD2AC64FBC00BBE70B /* FirebaseAnalyticsOnDeviceConversion */; };
		BA8B74B02AC64FBC00BBE70B /* FirebaseAnalyticsSwift in Frameworks */ = {isa = PBXBuildFile; productRef = BA8B74AF2AC64FBC00BBE70B /* FirebaseAnalyticsSwift */; };
		BA8B74B22AC64FBC00BBE70B /* FirebaseAnalyticsWithoutAdIdSupport in Frameworks */ = {isa = PBXBuildFile; productRef = BA8B74B12AC64FBC00BBE70B /* FirebaseAnalyticsWithoutAdIdSupport */; };
		BA8B74B42AC64FBC00BBE70B /* FirebaseAppCheck in Frameworks */ = {isa = PBXBuildFile; productRef = BA8B74B32AC64FBC00BBE70B /* FirebaseAppCheck */; };
		BA8B74B62AC64FBC00BBE70B /* FirebaseAppDistribution-Beta in Frameworks */ = {isa = PBXBuildFile; productRef = BA8B74B52AC64FBC00BBE70B /* FirebaseAppDistribution-Beta */; };
		BA8B74B82AC64FBC00BBE70B /* FirebaseAuth in Frameworks */ = {isa = PBXBuildFile; productRef = BA8B74B72AC64FBC00BBE70B /* FirebaseAuth */; };
		BA8B74BA2AC64FBC00BBE70B /* FirebaseAuthCombine-Community in Frameworks */ = {isa = PBXBuildFile; productRef = BA8B74B92AC64FBC00BBE70B /* FirebaseAuthCombine-Community */; };
		BA8B74BC2AC64FBC00BBE70B /* FirebaseCrashlytics in Frameworks */ = {isa = PBXBuildFile; productRef = BA8B74BB2AC64FBC00BBE70B /* FirebaseCrashlytics */; };
		BA8B74BE2AC64FBC00BBE70B /* FirebaseDatabase in Frameworks */ = {isa = PBXBuildFile; productRef = BA8B74BD2AC64FBC00BBE70B /* FirebaseDatabase */; };
		BA8B74C02AC64FBC00BBE70B /* FirebaseDatabaseSwift in Frameworks */ = {isa = PBXBuildFile; productRef = BA8B74BF2AC64FBC00BBE70B /* FirebaseDatabaseSwift */; };
		BA8B74C22AC64FBC00BBE70B /* FirebaseDynamicLinks in Frameworks */ = {isa = PBXBuildFile; productRef = BA8B74C12AC64FBC00BBE70B /* FirebaseDynamicLinks */; };
		BA8B74C42AC64FBC00BBE70B /* FirebaseFirestore in Frameworks */ = {isa = PBXBuildFile; productRef = BA8B74C32AC64FBC00BBE70B /* FirebaseFirestore */; };
		BA8B74C62AC64FBC00BBE70B /* FirebaseFirestoreCombine-Community in Frameworks */ = {isa = PBXBuildFile; productRef = BA8B74C52AC64FBC00BBE70B /* FirebaseFirestoreCombine-Community */; };
		BA8B74C82AC64FBC00BBE70B /* FirebaseFirestoreSwift in Frameworks */ = {isa = PBXBuildFile; productRef = BA8B74C72AC64FBC00BBE70B /* FirebaseFirestoreSwift */; };
		BA8B74CA2AC64FBC00BBE70B /* FirebaseFunctions in Frameworks */ = {isa = PBXBuildFile; productRef = BA8B74C92AC64FBC00BBE70B /* FirebaseFunctions */; };
		BA8B74CC2AC64FBC00BBE70B /* FirebaseFunctionsCombine-Community in Frameworks */ = {isa = PBXBuildFile; productRef = BA8B74CB2AC64FBC00BBE70B /* FirebaseFunctionsCombine-Community */; };
		BA8B74CE2AC64FBC00BBE70B /* FirebaseInAppMessaging-Beta in Frameworks */ = {isa = PBXBuildFile; productRef = BA8B74CD2AC64FBC00BBE70B /* FirebaseInAppMessaging-Beta */; };
		BA8B74D02AC64FBC00BBE70B /* FirebaseInAppMessagingSwift-Beta in Frameworks */ = {isa = PBXBuildFile; productRef = BA8B74CF2AC64FBC00BBE70B /* FirebaseInAppMessagingSwift-Beta */; };
		BA8B74D22AC64FBC00BBE70B /* FirebaseInstallations in Frameworks */ = {isa = PBXBuildFile; productRef = BA8B74D12AC64FBC00BBE70B /* FirebaseInstallations */; };
		BA8B74D42AC64FBC00BBE70B /* FirebaseMLModelDownloader in Frameworks */ = {isa = PBXBuildFile; productRef = BA8B74D32AC64FBC00BBE70B /* FirebaseMLModelDownloader */; };
		BA8B74D62AC64FBC00BBE70B /* FirebaseMessaging in Frameworks */ = {isa = PBXBuildFile; productRef = BA8B74D52AC64FBC00BBE70B /* FirebaseMessaging */; };
		BA8B74D82AC64FBC00BBE70B /* FirebasePerformance in Frameworks */ = {isa = PBXBuildFile; productRef = BA8B74D72AC64FBC00BBE70B /* FirebasePerformance */; };
		BA8B74DA2AC64FBC00BBE70B /* FirebaseRemoteConfig in Frameworks */ = {isa = PBXBuildFile; productRef = BA8B74D92AC64FBC00BBE70B /* FirebaseRemoteConfig */; };
		BA8B74DC2AC64FBC00BBE70B /* FirebaseRemoteConfigSwift in Frameworks */ = {isa = PBXBuildFile; productRef = BA8B74DB2AC64FBC00BBE70B /* FirebaseRemoteConfigSwift */; };
		BA8B74DE2AC64FBC00BBE70B /* FirebaseStorage in Frameworks */ = {isa = PBXBuildFile; productRef = BA8B74DD2AC64FBC00BBE70B /* FirebaseStorage */; };
		BA8B74E02AC64FBC00BBE70B /* FirebaseStorageCombine-Community in Frameworks */ = {isa = PBXBuildFile; productRef = BA8B74DF2AC64FBC00BBE70B /* FirebaseStorageCombine-Community */; };
		BA8B74E32AC671E600BBE70B /* LoginSignUpView.swift in Sources */ = {isa = PBXBuildFile; fileRef = BA8B74E22AC671E600BBE70B /* LoginSignUpView.swift */; };
		BA8B74E62AC684AE00BBE70B /* LogInView.swift in Sources */ = {isa = PBXBuildFile; fileRef = BA8B74E52AC684AE00BBE70B /* LogInView.swift */; };
		FBA3C2EE2ACE57800088E475 /* EditProfileView.swift in Sources */ = {isa = PBXBuildFile; fileRef = FBA3C2ED2ACE57800088E475 /* EditProfileView.swift */; };
		FBF11AB82AC8A8EF00FF39FC /* EventsView.swift in Sources */ = {isa = PBXBuildFile; fileRef = FBF11AB72AC8A8EF00FF39FC /* EventsView.swift */; };
		FBF11ABA2AC8A91900FF39FC /* HomeView.swift in Sources */ = {isa = PBXBuildFile; fileRef = FBF11AB92AC8A91900FF39FC /* HomeView.swift */; };
		FBF11ABC2AC8A95200FF39FC /* MessageView.swift in Sources */ = {isa = PBXBuildFile; fileRef = FBF11ABB2AC8A95100FF39FC /* MessageView.swift */; };
		FBF11ABE2AC8A97E00FF39FC /* NotificationView.swift in Sources */ = {isa = PBXBuildFile; fileRef = FBF11ABD2AC8A97E00FF39FC /* NotificationView.swift */; };
		FBF11AC02AC8A9A300FF39FC /* ProfileView.swift in Sources */ = {isa = PBXBuildFile; fileRef = FBF11ABF2AC8A9A300FF39FC /* ProfileView.swift */; };
		FBF11AC22AC8A9EC00FF39FC /* HomePageView.swift in Sources */ = {isa = PBXBuildFile; fileRef = FBF11AC12AC8A9EC00FF39FC /* HomePageView.swift */; };
/* End PBXBuildFile section */

/* Begin PBXFileReference section */
		31CB2C522AC89E0600DF43A3 /* Event.swift */ = {isa = PBXFileReference; lastKnownFileType = sourcecode.swift; path = Event.swift; sourceTree = "<group>"; };
		6D39AAB62AC73BFE00515C20 /* ForgotPasswordView.swift */ = {isa = PBXFileReference; lastKnownFileType = sourcecode.swift; path = ForgotPasswordView.swift; sourceTree = "<group>"; };
		BA2570CD2AC7B846004E528A /* User.swift */ = {isa = PBXFileReference; lastKnownFileType = sourcecode.swift; path = User.swift; sourceTree = "<group>"; };
		BA2570D02AC89B4D004E528A /* UserAuthentication.swift */ = {isa = PBXFileReference; lastKnownFileType = sourcecode.swift; path = UserAuthentication.swift; sourceTree = "<group>"; };
		BA2570D22AC8A58D004E528A /* SignUpView.swift */ = {isa = PBXFileReference; lastKnownFileType = sourcecode.swift; path = SignUpView.swift; sourceTree = "<group>"; };
		BA8B74972AC6301400BBE70B /* 307_Sportify.app */ = {isa = PBXFileReference; explicitFileType = wrapper.application; includeInIndex = 0; path = 307_Sportify.app; sourceTree = BUILT_PRODUCTS_DIR; };
		BA8B749A2AC6301400BBE70B /* _07_SportifyApp.swift */ = {isa = PBXFileReference; lastKnownFileType = sourcecode.swift; path = _07_SportifyApp.swift; sourceTree = "<group>"; };
		BA8B749C2AC6301400BBE70B /* ContentView.swift */ = {isa = PBXFileReference; lastKnownFileType = sourcecode.swift; path = ContentView.swift; sourceTree = "<group>"; };
		BA8B749E2AC6301600BBE70B /* Assets.xcassets */ = {isa = PBXFileReference; lastKnownFileType = folder.assetcatalog; path = Assets.xcassets; sourceTree = "<group>"; };
		BA8B74A12AC6301600BBE70B /* Preview Assets.xcassets */ = {isa = PBXFileReference; lastKnownFileType = folder.assetcatalog; path = "Preview Assets.xcassets"; sourceTree = "<group>"; };
		BA8B74A82AC64EEE00BBE70B /* GoogleService-Info.plist */ = {isa = PBXFileReference; fileEncoding = 4; lastKnownFileType = text.plist.xml; path = "GoogleService-Info.plist"; sourceTree = "<group>"; };
		BA8B74E22AC671E600BBE70B /* LoginSignUpView.swift */ = {isa = PBXFileReference; lastKnownFileType = sourcecode.swift; path = LoginSignUpView.swift; sourceTree = "<group>"; };
		BA8B74E52AC684AE00BBE70B /* LogInView.swift */ = {isa = PBXFileReference; lastKnownFileType = sourcecode.swift; path = LogInView.swift; sourceTree = "<group>"; };
		FBA3C2ED2ACE57800088E475 /* EditProfileView.swift */ = {isa = PBXFileReference; lastKnownFileType = sourcecode.swift; path = EditProfileView.swift; sourceTree = "<group>"; };
		FBF11AB72AC8A8EF00FF39FC /* EventsView.swift */ = {isa = PBXFileReference; lastKnownFileType = sourcecode.swift; path = EventsView.swift; sourceTree = "<group>"; };
		FBF11AB92AC8A91900FF39FC /* HomeView.swift */ = {isa = PBXFileReference; lastKnownFileType = sourcecode.swift; path = HomeView.swift; sourceTree = "<group>"; };
		FBF11ABB2AC8A95100FF39FC /* MessageView.swift */ = {isa = PBXFileReference; lastKnownFileType = sourcecode.swift; path = MessageView.swift; sourceTree = "<group>"; };
		FBF11ABD2AC8A97E00FF39FC /* NotificationView.swift */ = {isa = PBXFileReference; lastKnownFileType = sourcecode.swift; path = NotificationView.swift; sourceTree = "<group>"; };
		FBF11ABF2AC8A9A300FF39FC /* ProfileView.swift */ = {isa = PBXFileReference; lastKnownFileType = sourcecode.swift; path = ProfileView.swift; sourceTree = "<group>"; };
		FBF11AC12AC8A9EC00FF39FC /* HomePageView.swift */ = {isa = PBXFileReference; lastKnownFileType = sourcecode.swift; path = HomePageView.swift; sourceTree = "<group>"; };
/* End PBXFileReference section */

/* Begin PBXFrameworksBuildPhase section */
		BA8B74942AC6301400BBE70B /* Frameworks */ = {
			isa = PBXFrameworksBuildPhase;
			buildActionMask = 2147483647;
			files = (
				BA8B74BE2AC64FBC00BBE70B /* FirebaseDatabase in Frameworks */,
				BA8B74CC2AC64FBC00BBE70B /* FirebaseFunctionsCombine-Community in Frameworks */,
				BA8B74C42AC64FBC00BBE70B /* FirebaseFirestore in Frameworks */,
				BA8B74B02AC64FBC00BBE70B /* FirebaseAnalyticsSwift in Frameworks */,
				BA8B74AC2AC64FBC00BBE70B /* FirebaseAnalytics in Frameworks */,
				BA8B74AE2AC64FBC00BBE70B /* FirebaseAnalyticsOnDeviceConversion in Frameworks */,
				BA8B74D42AC64FBC00BBE70B /* FirebaseMLModelDownloader in Frameworks */,
				BA8B74C82AC64FBC00BBE70B /* FirebaseFirestoreSwift in Frameworks */,
				BA8B74B42AC64FBC00BBE70B /* FirebaseAppCheck in Frameworks */,
				BA8B74B22AC64FBC00BBE70B /* FirebaseAnalyticsWithoutAdIdSupport in Frameworks */,
				BA8B74B82AC64FBC00BBE70B /* FirebaseAuth in Frameworks */,
				BA8B74BC2AC64FBC00BBE70B /* FirebaseCrashlytics in Frameworks */,
				BA8B74DC2AC64FBC00BBE70B /* FirebaseRemoteConfigSwift in Frameworks */,
				BA8B74CE2AC64FBC00BBE70B /* FirebaseInAppMessaging-Beta in Frameworks */,
				BA8B74C02AC64FBC00BBE70B /* FirebaseDatabaseSwift in Frameworks */,
				BA8B74CA2AC64FBC00BBE70B /* FirebaseFunctions in Frameworks */,
				BA8B74E02AC64FBC00BBE70B /* FirebaseStorageCombine-Community in Frameworks */,
				BA8B74DA2AC64FBC00BBE70B /* FirebaseRemoteConfig in Frameworks */,
				BA8B74B62AC64FBC00BBE70B /* FirebaseAppDistribution-Beta in Frameworks */,
				BA8B74BA2AC64FBC00BBE70B /* FirebaseAuthCombine-Community in Frameworks */,
				BA8B74D82AC64FBC00BBE70B /* FirebasePerformance in Frameworks */,
				BA8B74D02AC64FBC00BBE70B /* FirebaseInAppMessagingSwift-Beta in Frameworks */,
				BA8B74DE2AC64FBC00BBE70B /* FirebaseStorage in Frameworks */,
				BA8B74C22AC64FBC00BBE70B /* FirebaseDynamicLinks in Frameworks */,
				BA8B74C62AC64FBC00BBE70B /* FirebaseFirestoreCombine-Community in Frameworks */,
				BA8B74D62AC64FBC00BBE70B /* FirebaseMessaging in Frameworks */,
				BA8B74D22AC64FBC00BBE70B /* FirebaseInstallations in Frameworks */,
			);
			runOnlyForDeploymentPostprocessing = 0;
		};
/* End PBXFrameworksBuildPhase section */

/* Begin PBXGroup section */
		BA2570CC2AC7B831004E528A /* Objects */ = {
			isa = PBXGroup;
			children = (
				BA2570CD2AC7B846004E528A /* User.swift */,
				31CB2C522AC89E0600DF43A3 /* Event.swift */,
			);
			path = Objects;
			sourceTree = "<group>";
		};
		BA2570CF2AC89B2C004E528A /* Methods */ = {
			isa = PBXGroup;
			children = (
				BA2570D02AC89B4D004E528A /* UserAuthentication.swift */,
			);
			path = Methods;
			sourceTree = "<group>";
		};
		BA8B748E2AC6301400BBE70B = {
			isa = PBXGroup;
			children = (
				BA8B74992AC6301400BBE70B /* 307_Sportify */,
				BA8B74982AC6301400BBE70B /* Products */,
			);
			sourceTree = "<group>";
		};
		BA8B74982AC6301400BBE70B /* Products */ = {
			isa = PBXGroup;
			children = (
				BA8B74972AC6301400BBE70B /* 307_Sportify.app */,
			);
			name = Products;
			sourceTree = "<group>";
		};
		BA8B74992AC6301400BBE70B /* 307_Sportify */ = {
			isa = PBXGroup;
			children = (
				BA8B74E42AC679AF00BBE70B /* App */,
				BA2570CF2AC89B2C004E528A /* Methods */,
				BA8B74E12AC671A900BBE70B /* Views */,
				BA2570CC2AC7B831004E528A /* Objects */,
				BA8B749E2AC6301600BBE70B /* Assets.xcassets */,
				BA8B74A02AC6301600BBE70B /* Preview Content */,
			);
			path = 307_Sportify;
			sourceTree = "<group>";
		};
		BA8B74A02AC6301600BBE70B /* Preview Content */ = {
			isa = PBXGroup;
			children = (
				BA8B74A12AC6301600BBE70B /* Preview Assets.xcassets */,
			);
			path = "Preview Content";
			sourceTree = "<group>";
		};
		BA8B74E12AC671A900BBE70B /* Views */ = {
			isa = PBXGroup;
			children = (
				BA8B749C2AC6301400BBE70B /* ContentView.swift */,
				BA8B74E22AC671E600BBE70B /* LoginSignUpView.swift */,
				BA8B74E52AC684AE00BBE70B /* LogInView.swift */,
				BA2570D22AC8A58D004E528A /* SignUpView.swift */,
				6D39AAB62AC73BFE00515C20 /* ForgotPasswordView.swift */,
				FBF11AB72AC8A8EF00FF39FC /* EventsView.swift */,
				FBF11AB92AC8A91900FF39FC /* HomeView.swift */,
				FBF11ABB2AC8A95100FF39FC /* MessageView.swift */,
				FBF11ABD2AC8A97E00FF39FC /* NotificationView.swift */,
				FBF11ABF2AC8A9A300FF39FC /* ProfileView.swift */,
				FBF11AC12AC8A9EC00FF39FC /* HomePageView.swift */,
				FBA3C2ED2ACE57800088E475 /* EditProfileView.swift */,
			);
			path = Views;
			sourceTree = "<group>";
		};
		BA8B74E42AC679AF00BBE70B /* App */ = {
			isa = PBXGroup;
			children = (
				BA8B74A82AC64EEE00BBE70B /* GoogleService-Info.plist */,
				BA8B749A2AC6301400BBE70B /* _07_SportifyApp.swift */,
			);
			path = App;
			sourceTree = "<group>";
		};
/* End PBXGroup section */

/* Begin PBXNativeTarget section */
		BA8B74962AC6301400BBE70B /* 307_Sportify */ = {
			isa = PBXNativeTarget;
			buildConfigurationList = BA8B74A52AC6301600BBE70B /* Build configuration list for PBXNativeTarget "307_Sportify" */;
			buildPhases = (
				BA8B74932AC6301400BBE70B /* Sources */,
				BA8B74942AC6301400BBE70B /* Frameworks */,
				BA8B74952AC6301400BBE70B /* Resources */,
			);
			buildRules = (
			);
			dependencies = (
			);
			name = 307_Sportify;
			packageProductDependencies = (
				BA8B74AB2AC64FBC00BBE70B /* FirebaseAnalytics */,
				BA8B74AD2AC64FBC00BBE70B /* FirebaseAnalyticsOnDeviceConversion */,
				BA8B74AF2AC64FBC00BBE70B /* FirebaseAnalyticsSwift */,
				BA8B74B12AC64FBC00BBE70B /* FirebaseAnalyticsWithoutAdIdSupport */,
				BA8B74B32AC64FBC00BBE70B /* FirebaseAppCheck */,
				BA8B74B52AC64FBC00BBE70B /* FirebaseAppDistribution-Beta */,
				BA8B74B72AC64FBC00BBE70B /* FirebaseAuth */,
				BA8B74B92AC64FBC00BBE70B /* FirebaseAuthCombine-Community */,
				BA8B74BB2AC64FBC00BBE70B /* FirebaseCrashlytics */,
				BA8B74BD2AC64FBC00BBE70B /* FirebaseDatabase */,
				BA8B74BF2AC64FBC00BBE70B /* FirebaseDatabaseSwift */,
				BA8B74C12AC64FBC00BBE70B /* FirebaseDynamicLinks */,
				BA8B74C32AC64FBC00BBE70B /* FirebaseFirestore */,
				BA8B74C52AC64FBC00BBE70B /* FirebaseFirestoreCombine-Community */,
				BA8B74C72AC64FBC00BBE70B /* FirebaseFirestoreSwift */,
				BA8B74C92AC64FBC00BBE70B /* FirebaseFunctions */,
				BA8B74CB2AC64FBC00BBE70B /* FirebaseFunctionsCombine-Community */,
				BA8B74CD2AC64FBC00BBE70B /* FirebaseInAppMessaging-Beta */,
				BA8B74CF2AC64FBC00BBE70B /* FirebaseInAppMessagingSwift-Beta */,
				BA8B74D12AC64FBC00BBE70B /* FirebaseInstallations */,
				BA8B74D32AC64FBC00BBE70B /* FirebaseMLModelDownloader */,
				BA8B74D52AC64FBC00BBE70B /* FirebaseMessaging */,
				BA8B74D72AC64FBC00BBE70B /* FirebasePerformance */,
				BA8B74D92AC64FBC00BBE70B /* FirebaseRemoteConfig */,
				BA8B74DB2AC64FBC00BBE70B /* FirebaseRemoteConfigSwift */,
				BA8B74DD2AC64FBC00BBE70B /* FirebaseStorage */,
				BA8B74DF2AC64FBC00BBE70B /* FirebaseStorageCombine-Community */,
			);
			productName = 307_Sportify;
			productReference = BA8B74972AC6301400BBE70B /* 307_Sportify.app */;
			productType = "com.apple.product-type.application";
		};
/* End PBXNativeTarget section */

/* Begin PBXProject section */
		BA8B748F2AC6301400BBE70B /* Project object */ = {
			isa = PBXProject;
			attributes = {
				BuildIndependentTargetsInParallel = 1;
				LastSwiftUpdateCheck = 1500;
				LastUpgradeCheck = 1500;
				TargetAttributes = {
					BA8B74962AC6301400BBE70B = {
						CreatedOnToolsVersion = 15.0;
					};
				};
			};
			buildConfigurationList = BA8B74922AC6301400BBE70B /* Build configuration list for PBXProject "307_Sportify" */;
			compatibilityVersion = "Xcode 14.0";
			developmentRegion = en;
			hasScannedForEncodings = 0;
			knownRegions = (
				en,
				Base,
			);
			mainGroup = BA8B748E2AC6301400BBE70B;
			packageReferences = (
				BA8B74AA2AC64FBC00BBE70B /* XCRemoteSwiftPackageReference "firebase-ios-sdk" */,
			);
			productRefGroup = BA8B74982AC6301400BBE70B /* Products */;
			projectDirPath = "";
			projectRoot = "";
			targets = (
				BA8B74962AC6301400BBE70B /* 307_Sportify */,
			);
		};
/* End PBXProject section */

/* Begin PBXResourcesBuildPhase section */
		BA8B74952AC6301400BBE70B /* Resources */ = {
			isa = PBXResourcesBuildPhase;
			buildActionMask = 2147483647;
			files = (
				BA8B74A22AC6301600BBE70B /* Preview Assets.xcassets in Resources */,
				BA8B749F2AC6301600BBE70B /* Assets.xcassets in Resources */,
				BA8B74A92AC64EEE00BBE70B /* GoogleService-Info.plist in Resources */,
			);
			runOnlyForDeploymentPostprocessing = 0;
		};
/* End PBXResourcesBuildPhase section */

/* Begin PBXSourcesBuildPhase section */
		BA8B74932AC6301400BBE70B /* Sources */ = {
			isa = PBXSourcesBuildPhase;
			buildActionMask = 2147483647;
			files = (
				BA8B74E32AC671E600BBE70B /* LoginSignUpView.swift in Sources */,
				FBF11AB82AC8A8EF00FF39FC /* EventsView.swift in Sources */,
				FBA3C2EE2ACE57800088E475 /* EditProfileView.swift in Sources */,
				BA8B749D2AC6301400BBE70B /* ContentView.swift in Sources */,
				FBF11ABC2AC8A95200FF39FC /* MessageView.swift in Sources */,
				BA8B74E62AC684AE00BBE70B /* LogInView.swift in Sources */,
				BA2570D12AC89B4D004E528A /* UserAuthentication.swift in Sources */,
				BA2570D32AC8A58D004E528A /* SignUpView.swift in Sources */,
				BA2570CE2AC7B846004E528A /* User.swift in Sources */,
				FBF11ABA2AC8A91900FF39FC /* HomeView.swift in Sources */,
				6D39AAB72AC73BFE00515C20 /* ForgotPasswordView.swift in Sources */,
				31CB2C532AC89E0600DF43A3 /* Event.swift in Sources */,
				BA8B749B2AC6301400BBE70B /* _07_SportifyApp.swift in Sources */,
				FBF11AC02AC8A9A300FF39FC /* ProfileView.swift in Sources */,
				FBF11AC22AC8A9EC00FF39FC /* HomePageView.swift in Sources */,
				FBF11ABE2AC8A97E00FF39FC /* NotificationView.swift in Sources */,
			);
			runOnlyForDeploymentPostprocessing = 0;
		};
/* End PBXSourcesBuildPhase section */

/* Begin XCBuildConfiguration section */
		BA8B74A32AC6301600BBE70B /* Debug */ = {
			isa = XCBuildConfiguration;
			buildSettings = {
				ALWAYS_SEARCH_USER_PATHS = NO;
				ASSETCATALOG_COMPILER_GENERATE_SWIFT_ASSET_SYMBOL_EXTENSIONS = YES;
				CLANG_ANALYZER_NONNULL = YES;
				CLANG_ANALYZER_NUMBER_OBJECT_CONVERSION = YES_AGGRESSIVE;
				CLANG_CXX_LANGUAGE_STANDARD = "gnu++20";
				CLANG_ENABLE_MODULES = YES;
				CLANG_ENABLE_OBJC_ARC = YES;
				CLANG_ENABLE_OBJC_WEAK = YES;
				CLANG_WARN_BLOCK_CAPTURE_AUTORELEASING = YES;
				CLANG_WARN_BOOL_CONVERSION = YES;
				CLANG_WARN_COMMA = YES;
				CLANG_WARN_CONSTANT_CONVERSION = YES;
				CLANG_WARN_DEPRECATED_OBJC_IMPLEMENTATIONS = YES;
				CLANG_WARN_DIRECT_OBJC_ISA_USAGE = YES_ERROR;
				CLANG_WARN_DOCUMENTATION_COMMENTS = YES;
				CLANG_WARN_EMPTY_BODY = YES;
				CLANG_WARN_ENUM_CONVERSION = YES;
				CLANG_WARN_INFINITE_RECURSION = YES;
				CLANG_WARN_INT_CONVERSION = YES;
				CLANG_WARN_NON_LITERAL_NULL_CONVERSION = YES;
				CLANG_WARN_OBJC_IMPLICIT_RETAIN_SELF = YES;
				CLANG_WARN_OBJC_LITERAL_CONVERSION = YES;
				CLANG_WARN_OBJC_ROOT_CLASS = YES_ERROR;
				CLANG_WARN_QUOTED_INCLUDE_IN_FRAMEWORK_HEADER = YES;
				CLANG_WARN_RANGE_LOOP_ANALYSIS = YES;
				CLANG_WARN_STRICT_PROTOTYPES = YES;
				CLANG_WARN_SUSPICIOUS_MOVE = YES;
				CLANG_WARN_UNGUARDED_AVAILABILITY = YES_AGGRESSIVE;
				CLANG_WARN_UNREACHABLE_CODE = YES;
				CLANG_WARN__DUPLICATE_METHOD_MATCH = YES;
				COPY_PHASE_STRIP = NO;
				DEBUG_INFORMATION_FORMAT = dwarf;
				ENABLE_STRICT_OBJC_MSGSEND = YES;
				ENABLE_TESTABILITY = YES;
				ENABLE_USER_SCRIPT_SANDBOXING = YES;
				GCC_C_LANGUAGE_STANDARD = gnu17;
				GCC_DYNAMIC_NO_PIC = NO;
				GCC_NO_COMMON_BLOCKS = YES;
				GCC_OPTIMIZATION_LEVEL = 0;
				GCC_PREPROCESSOR_DEFINITIONS = (
					"DEBUG=1",
					"$(inherited)",
				);
				GCC_WARN_64_TO_32_BIT_CONVERSION = YES;
				GCC_WARN_ABOUT_RETURN_TYPE = YES_ERROR;
				GCC_WARN_UNDECLARED_SELECTOR = YES;
				GCC_WARN_UNINITIALIZED_AUTOS = YES_AGGRESSIVE;
				GCC_WARN_UNUSED_FUNCTION = YES;
				GCC_WARN_UNUSED_VARIABLE = YES;
				IPHONEOS_DEPLOYMENT_TARGET = 17.0;
				LOCALIZATION_PREFERS_STRING_CATALOGS = YES;
				MTL_ENABLE_DEBUG_INFO = INCLUDE_SOURCE;
				MTL_FAST_MATH = YES;
				ONLY_ACTIVE_ARCH = YES;
				SDKROOT = iphoneos;
				SWIFT_ACTIVE_COMPILATION_CONDITIONS = "DEBUG $(inherited)";
				SWIFT_OPTIMIZATION_LEVEL = "-Onone";
			};
			name = Debug;
		};
		BA8B74A42AC6301600BBE70B /* Release */ = {
			isa = XCBuildConfiguration;
			buildSettings = {
				ALWAYS_SEARCH_USER_PATHS = NO;
				ASSETCATALOG_COMPILER_GENERATE_SWIFT_ASSET_SYMBOL_EXTENSIONS = YES;
				CLANG_ANALYZER_NONNULL = YES;
				CLANG_ANALYZER_NUMBER_OBJECT_CONVERSION = YES_AGGRESSIVE;
				CLANG_CXX_LANGUAGE_STANDARD = "gnu++20";
				CLANG_ENABLE_MODULES = YES;
				CLANG_ENABLE_OBJC_ARC = YES;
				CLANG_ENABLE_OBJC_WEAK = YES;
				CLANG_WARN_BLOCK_CAPTURE_AUTORELEASING = YES;
				CLANG_WARN_BOOL_CONVERSION = YES;
				CLANG_WARN_COMMA = YES;
				CLANG_WARN_CONSTANT_CONVERSION = YES;
				CLANG_WARN_DEPRECATED_OBJC_IMPLEMENTATIONS = YES;
				CLANG_WARN_DIRECT_OBJC_ISA_USAGE = YES_ERROR;
				CLANG_WARN_DOCUMENTATION_COMMENTS = YES;
				CLANG_WARN_EMPTY_BODY = YES;
				CLANG_WARN_ENUM_CONVERSION = YES;
				CLANG_WARN_INFINITE_RECURSION = YES;
				CLANG_WARN_INT_CONVERSION = YES;
				CLANG_WARN_NON_LITERAL_NULL_CONVERSION = YES;
				CLANG_WARN_OBJC_IMPLICIT_RETAIN_SELF = YES;
				CLANG_WARN_OBJC_LITERAL_CONVERSION = YES;
				CLANG_WARN_OBJC_ROOT_CLASS = YES_ERROR;
				CLANG_WARN_QUOTED_INCLUDE_IN_FRAMEWORK_HEADER = YES;
				CLANG_WARN_RANGE_LOOP_ANALYSIS = YES;
				CLANG_WARN_STRICT_PROTOTYPES = YES;
				CLANG_WARN_SUSPICIOUS_MOVE = YES;
				CLANG_WARN_UNGUARDED_AVAILABILITY = YES_AGGRESSIVE;
				CLANG_WARN_UNREACHABLE_CODE = YES;
				CLANG_WARN__DUPLICATE_METHOD_MATCH = YES;
				COPY_PHASE_STRIP = NO;
				DEBUG_INFORMATION_FORMAT = "dwarf-with-dsym";
				ENABLE_NS_ASSERTIONS = NO;
				ENABLE_STRICT_OBJC_MSGSEND = YES;
				ENABLE_USER_SCRIPT_SANDBOXING = YES;
				GCC_C_LANGUAGE_STANDARD = gnu17;
				GCC_NO_COMMON_BLOCKS = YES;
				GCC_WARN_64_TO_32_BIT_CONVERSION = YES;
				GCC_WARN_ABOUT_RETURN_TYPE = YES_ERROR;
				GCC_WARN_UNDECLARED_SELECTOR = YES;
				GCC_WARN_UNINITIALIZED_AUTOS = YES_AGGRESSIVE;
				GCC_WARN_UNUSED_FUNCTION = YES;
				GCC_WARN_UNUSED_VARIABLE = YES;
				IPHONEOS_DEPLOYMENT_TARGET = 17.0;
				LOCALIZATION_PREFERS_STRING_CATALOGS = YES;
				MTL_ENABLE_DEBUG_INFO = NO;
				MTL_FAST_MATH = YES;
				SDKROOT = iphoneos;
				SWIFT_COMPILATION_MODE = wholemodule;
				VALIDATE_PRODUCT = YES;
			};
			name = Release;
		};
		BA8B74A62AC6301600BBE70B /* Debug */ = {
			isa = XCBuildConfiguration;
			buildSettings = {
				ASSETCATALOG_COMPILER_APPICON_NAME = AppIcon;
				ASSETCATALOG_COMPILER_GLOBAL_ACCENT_COLOR_NAME = AccentColor;
				CODE_SIGN_STYLE = Automatic;
				CURRENT_PROJECT_VERSION = 1;
				DEVELOPMENT_ASSET_PATHS = "\"307_Sportify/Preview Content\"";
				ENABLE_PREVIEWS = YES;
				GENERATE_INFOPLIST_FILE = YES;
				INFOPLIST_KEY_UIApplicationSceneManifest_Generation = YES;
				INFOPLIST_KEY_UIApplicationSupportsIndirectInputEvents = YES;
				INFOPLIST_KEY_UILaunchScreen_Generation = YES;
				INFOPLIST_KEY_UISupportedInterfaceOrientations_iPad = "UIInterfaceOrientationPortrait UIInterfaceOrientationPortraitUpsideDown UIInterfaceOrientationLandscapeLeft UIInterfaceOrientationLandscapeRight";
				INFOPLIST_KEY_UISupportedInterfaceOrientations_iPhone = "UIInterfaceOrientationPortrait UIInterfaceOrientationLandscapeLeft UIInterfaceOrientationLandscapeRight";
				LD_RUNPATH_SEARCH_PATHS = (
					"$(inherited)",
					"@executable_path/Frameworks",
				);
				MARKETING_VERSION = 1.0;
				PRODUCT_BUNDLE_IDENTIFIER = "net.godhani.-07-Sportify";
				PRODUCT_NAME = "$(TARGET_NAME)";
				SWIFT_EMIT_LOC_STRINGS = YES;
				SWIFT_VERSION = 5.0;
				TARGETED_DEVICE_FAMILY = "1,2";
			};
			name = Debug;
		};
		BA8B74A72AC6301600BBE70B /* Release */ = {
			isa = XCBuildConfiguration;
			buildSettings = {
				ASSETCATALOG_COMPILER_APPICON_NAME = AppIcon;
				ASSETCATALOG_COMPILER_GLOBAL_ACCENT_COLOR_NAME = AccentColor;
				CODE_SIGN_STYLE = Automatic;
				CURRENT_PROJECT_VERSION = 1;
				DEVELOPMENT_ASSET_PATHS = "\"307_Sportify/Preview Content\"";
				ENABLE_PREVIEWS = YES;
				GENERATE_INFOPLIST_FILE = YES;
				INFOPLIST_KEY_UIApplicationSceneManifest_Generation = YES;
				INFOPLIST_KEY_UIApplicationSupportsIndirectInputEvents = YES;
				INFOPLIST_KEY_UILaunchScreen_Generation = YES;
				INFOPLIST_KEY_UISupportedInterfaceOrientations_iPad = "UIInterfaceOrientationPortrait UIInterfaceOrientationPortraitUpsideDown UIInterfaceOrientationLandscapeLeft UIInterfaceOrientationLandscapeRight";
				INFOPLIST_KEY_UISupportedInterfaceOrientations_iPhone = "UIInterfaceOrientationPortrait UIInterfaceOrientationLandscapeLeft UIInterfaceOrientationLandscapeRight";
				LD_RUNPATH_SEARCH_PATHS = (
					"$(inherited)",
					"@executable_path/Frameworks",
				);
				MARKETING_VERSION = 1.0;
				PRODUCT_BUNDLE_IDENTIFIER = "net.godhani.-07-Sportify";
				PRODUCT_NAME = "$(TARGET_NAME)";
				SWIFT_EMIT_LOC_STRINGS = YES;
				SWIFT_VERSION = 5.0;
				TARGETED_DEVICE_FAMILY = "1,2";
			};
			name = Release;
		};
/* End XCBuildConfiguration section */

/* Begin XCConfigurationList section */
		BA8B74922AC6301400BBE70B /* Build configuration list for PBXProject "307_Sportify" */ = {
			isa = XCConfigurationList;
			buildConfigurations = (
				BA8B74A32AC6301600BBE70B /* Debug */,
				BA8B74A42AC6301600BBE70B /* Release */,
			);
			defaultConfigurationIsVisible = 0;
			defaultConfigurationName = Release;
		};
		BA8B74A52AC6301600BBE70B /* Build configuration list for PBXNativeTarget "307_Sportify" */ = {
			isa = XCConfigurationList;
			buildConfigurations = (
				BA8B74A62AC6301600BBE70B /* Debug */,
				BA8B74A72AC6301600BBE70B /* Release */,
			);
			defaultConfigurationIsVisible = 0;
			defaultConfigurationName = Release;
		};
/* End XCConfigurationList section */

/* Begin XCRemoteSwiftPackageReference section */
		BA8B74AA2AC64FBC00BBE70B /* XCRemoteSwiftPackageReference "firebase-ios-sdk" */ = {
			isa = XCRemoteSwiftPackageReference;
			repositoryURL = "https://github.com/firebase/firebase-ios-sdk";
			requirement = {
				kind = upToNextMajorVersion;
				minimumVersion = 10.15.0;
			};
		};
/* End XCRemoteSwiftPackageReference section */

/* Begin XCSwiftPackageProductDependency section */
		BA8B74AB2AC64FBC00BBE70B /* FirebaseAnalytics */ = {
			isa = XCSwiftPackageProductDependency;
			package = BA8B74AA2AC64FBC00BBE70B /* XCRemoteSwiftPackageReference "firebase-ios-sdk" */;
			productName = FirebaseAnalytics;
		};
		BA8B74AD2AC64FBC00BBE70B /* FirebaseAnalyticsOnDeviceConversion */ = {
			isa = XCSwiftPackageProductDependency;
			package = BA8B74AA2AC64FBC00BBE70B /* XCRemoteSwiftPackageReference "firebase-ios-sdk" */;
			productName = FirebaseAnalyticsOnDeviceConversion;
		};
		BA8B74AF2AC64FBC00BBE70B /* FirebaseAnalyticsSwift */ = {
			isa = XCSwiftPackageProductDependency;
			package = BA8B74AA2AC64FBC00BBE70B /* XCRemoteSwiftPackageReference "firebase-ios-sdk" */;
			productName = FirebaseAnalyticsSwift;
		};
		BA8B74B12AC64FBC00BBE70B /* FirebaseAnalyticsWithoutAdIdSupport */ = {
			isa = XCSwiftPackageProductDependency;
			package = BA8B74AA2AC64FBC00BBE70B /* XCRemoteSwiftPackageReference "firebase-ios-sdk" */;
			productName = FirebaseAnalyticsWithoutAdIdSupport;
		};
		BA8B74B32AC64FBC00BBE70B /* FirebaseAppCheck */ = {
			isa = XCSwiftPackageProductDependency;
			package = BA8B74AA2AC64FBC00BBE70B /* XCRemoteSwiftPackageReference "firebase-ios-sdk" */;
			productName = FirebaseAppCheck;
		};
		BA8B74B52AC64FBC00BBE70B /* FirebaseAppDistribution-Beta */ = {
			isa = XCSwiftPackageProductDependency;
			package = BA8B74AA2AC64FBC00BBE70B /* XCRemoteSwiftPackageReference "firebase-ios-sdk" */;
			productName = "FirebaseAppDistribution-Beta";
		};
		BA8B74B72AC64FBC00BBE70B /* FirebaseAuth */ = {
			isa = XCSwiftPackageProductDependency;
			package = BA8B74AA2AC64FBC00BBE70B /* XCRemoteSwiftPackageReference "firebase-ios-sdk" */;
			productName = FirebaseAuth;
		};
		BA8B74B92AC64FBC00BBE70B /* FirebaseAuthCombine-Community */ = {
			isa = XCSwiftPackageProductDependency;
			package = BA8B74AA2AC64FBC00BBE70B /* XCRemoteSwiftPackageReference "firebase-ios-sdk" */;
			productName = "FirebaseAuthCombine-Community";
		};
		BA8B74BB2AC64FBC00BBE70B /* FirebaseCrashlytics */ = {
			isa = XCSwiftPackageProductDependency;
			package = BA8B74AA2AC64FBC00BBE70B /* XCRemoteSwiftPackageReference "firebase-ios-sdk" */;
			productName = FirebaseCrashlytics;
		};
		BA8B74BD2AC64FBC00BBE70B /* FirebaseDatabase */ = {
			isa = XCSwiftPackageProductDependency;
			package = BA8B74AA2AC64FBC00BBE70B /* XCRemoteSwiftPackageReference "firebase-ios-sdk" */;
			productName = FirebaseDatabase;
		};
		BA8B74BF2AC64FBC00BBE70B /* FirebaseDatabaseSwift */ = {
			isa = XCSwiftPackageProductDependency;
			package = BA8B74AA2AC64FBC00BBE70B /* XCRemoteSwiftPackageReference "firebase-ios-sdk" */;
			productName = FirebaseDatabaseSwift;
		};
		BA8B74C12AC64FBC00BBE70B /* FirebaseDynamicLinks */ = {
			isa = XCSwiftPackageProductDependency;
			package = BA8B74AA2AC64FBC00BBE70B /* XCRemoteSwiftPackageReference "firebase-ios-sdk" */;
			productName = FirebaseDynamicLinks;
		};
		BA8B74C32AC64FBC00BBE70B /* FirebaseFirestore */ = {
			isa = XCSwiftPackageProductDependency;
			package = BA8B74AA2AC64FBC00BBE70B /* XCRemoteSwiftPackageReference "firebase-ios-sdk" */;
			productName = FirebaseFirestore;
		};
		BA8B74C52AC64FBC00BBE70B /* FirebaseFirestoreCombine-Community */ = {
			isa = XCSwiftPackageProductDependency;
			package = BA8B74AA2AC64FBC00BBE70B /* XCRemoteSwiftPackageReference "firebase-ios-sdk" */;
			productName = "FirebaseFirestoreCombine-Community";
		};
		BA8B74C72AC64FBC00BBE70B /* FirebaseFirestoreSwift */ = {
			isa = XCSwiftPackageProductDependency;
			package = BA8B74AA2AC64FBC00BBE70B /* XCRemoteSwiftPackageReference "firebase-ios-sdk" */;
			productName = FirebaseFirestoreSwift;
		};
		BA8B74C92AC64FBC00BBE70B /* FirebaseFunctions */ = {
			isa = XCSwiftPackageProductDependency;
			package = BA8B74AA2AC64FBC00BBE70B /* XCRemoteSwiftPackageReference "firebase-ios-sdk" */;
			productName = FirebaseFunctions;
		};
		BA8B74CB2AC64FBC00BBE70B /* FirebaseFunctionsCombine-Community */ = {
			isa = XCSwiftPackageProductDependency;
			package = BA8B74AA2AC64FBC00BBE70B /* XCRemoteSwiftPackageReference "firebase-ios-sdk" */;
			productName = "FirebaseFunctionsCombine-Community";
		};
		BA8B74CD2AC64FBC00BBE70B /* FirebaseInAppMessaging-Beta */ = {
			isa = XCSwiftPackageProductDependency;
			package = BA8B74AA2AC64FBC00BBE70B /* XCRemoteSwiftPackageReference "firebase-ios-sdk" */;
			productName = "FirebaseInAppMessaging-Beta";
		};
		BA8B74CF2AC64FBC00BBE70B /* FirebaseInAppMessagingSwift-Beta */ = {
			isa = XCSwiftPackageProductDependency;
			package = BA8B74AA2AC64FBC00BBE70B /* XCRemoteSwiftPackageReference "firebase-ios-sdk" */;
			productName = "FirebaseInAppMessagingSwift-Beta";
		};
		BA8B74D12AC64FBC00BBE70B /* FirebaseInstallations */ = {
			isa = XCSwiftPackageProductDependency;
			package = BA8B74AA2AC64FBC00BBE70B /* XCRemoteSwiftPackageReference "firebase-ios-sdk" */;
			productName = FirebaseInstallations;
		};
		BA8B74D32AC64FBC00BBE70B /* FirebaseMLModelDownloader */ = {
			isa = XCSwiftPackageProductDependency;
			package = BA8B74AA2AC64FBC00BBE70B /* XCRemoteSwiftPackageReference "firebase-ios-sdk" */;
			productName = FirebaseMLModelDownloader;
		};
		BA8B74D52AC64FBC00BBE70B /* FirebaseMessaging */ = {
			isa = XCSwiftPackageProductDependency;
			package = BA8B74AA2AC64FBC00BBE70B /* XCRemoteSwiftPackageReference "firebase-ios-sdk" */;
			productName = FirebaseMessaging;
		};
		BA8B74D72AC64FBC00BBE70B /* FirebasePerformance */ = {
			isa = XCSwiftPackageProductDependency;
			package = BA8B74AA2AC64FBC00BBE70B /* XCRemoteSwiftPackageReference "firebase-ios-sdk" */;
			productName = FirebasePerformance;
		};
		BA8B74D92AC64FBC00BBE70B /* FirebaseRemoteConfig */ = {
			isa = XCSwiftPackageProductDependency;
			package = BA8B74AA2AC64FBC00BBE70B /* XCRemoteSwiftPackageReference "firebase-ios-sdk" */;
			productName = FirebaseRemoteConfig;
		};
		BA8B74DB2AC64FBC00BBE70B /* FirebaseRemoteConfigSwift */ = {
			isa = XCSwiftPackageProductDependency;
			package = BA8B74AA2AC64FBC00BBE70B /* XCRemoteSwiftPackageReference "firebase-ios-sdk" */;
			productName = FirebaseRemoteConfigSwift;
		};
		BA8B74DD2AC64FBC00BBE70B /* FirebaseStorage */ = {
			isa = XCSwiftPackageProductDependency;
			package = BA8B74AA2AC64FBC00BBE70B /* XCRemoteSwiftPackageReference "firebase-ios-sdk" */;
			productName = FirebaseStorage;
		};
		BA8B74DF2AC64FBC00BBE70B /* FirebaseStorageCombine-Community */ = {
			isa = XCSwiftPackageProductDependency;
			package = BA8B74AA2AC64FBC00BBE70B /* XCRemoteSwiftPackageReference "firebase-ios-sdk" */;
			productName = "FirebaseStorageCombine-Community";
		};
/* End XCSwiftPackageProductDependency section */
	};
	rootObject = BA8B748F2AC6301400BBE70B /* Project object */;
}
